
Microsoft Visual Studio Solution File, Format Version 12.00
# Visual Studio Version 17
VisualStudioVersion = 17.0.31903.59
MinimumVisualStudioVersion = 10.0.40219.1
Project("{FAE04EC0-301F-11D3-BF4B-00C04F79EFBC}") = "SpendWiseApi", "SpendWiseApi\SpendWiseApi.csproj", "{8421A5C7-48DF-4289-9B11-5B7771490F6B}"
EndProject
Project("{FAE04EC0-301F-11D3-BF4B-00C04F79EFBC}") = "SpendWiseApi.Repository", "SpendWiseApi.Repository\SpendWiseApi.Repository.csproj", "{29A1E711-8EBC-426D-AAEB-47AA77F4578E}"
EndProject
Project("{FAE04EC0-301F-11D3-BF4B-00C04F79EFBC}") = "SpendWiseApi.Service", "SpendWiseApi.Service\SpendWiseApi.Service.csproj", "{6BC34245-1A5C-465D-AF87-550FBD99E5E5}"
EndProject
Global
	GlobalSection(SolutionConfigurationPlatforms) = preSolution
		Debug|Any CPU = Debug|Any CPU
		Release|Any CPU = Release|Any CPU
	EndGlobalSection
	GlobalSection(SolutionProperties) = preSolution
		HideSolutionNode = FALSE
	EndGlobalSection
	GlobalSection(ProjectConfigurationPlatforms) = postSolution
		{8421A5C7-48DF-4289-9B11-5B7771490F6B}.Debug|Any CPU.ActiveCfg = Debug|Any CPU
		{8421A5C7-48DF-4289-9B11-5B7771490F6B}.Debug|Any CPU.Build.0 = Debug|Any CPU
		{8421A5C7-48DF-4289-9B11-5B7771490F6B}.Release|Any CPU.ActiveCfg = Release|Any CPU
		{8421A5C7-48DF-4289-9B11-5B7771490F6B}.Release|Any CPU.Build.0 = Release|Any CPU
		{29A1E711-8EBC-426D-AAEB-47AA77F4578E}.Debug|Any CPU.ActiveCfg = Debug|Any CPU
		{29A1E711-8EBC-426D-AAEB-47AA77F4578E}.Debug|Any CPU.Build.0 = Debug|Any CPU
		{29A1E711-8EBC-426D-AAEB-47AA77F4578E}.Release|Any CPU.ActiveCfg = Release|Any CPU
		{29A1E711-8EBC-426D-AAEB-47AA77F4578E}.Release|Any CPU.Build.0 = Release|Any CPU
		{6BC34245-1A5C-465D-AF87-550FBD99E5E5}.Debug|Any CPU.ActiveCfg = Debug|Any CPU
		{6BC34245-1A5C-465D-AF87-550FBD99E5E5}.Debug|Any CPU.Build.0 = Debug|Any CPU
		{6BC34245-1A5C-465D-AF87-550FBD99E5E5}.Release|Any CPU.ActiveCfg = Release|Any CPU
		{6BC34245-1A5C-465D-AF87-550FBD99E5E5}.Release|Any CPU.Build.0 = Release|Any CPU
	EndGlobalSection
EndGlobal
